// !$*UTF8*$!
{
	archiveVersion = 1;
	classes = {
	};
	objectVersion = 55;
	objects = {

/* Begin PBXBuildFile section */
		6DA189A42CCEA30B00BEA946 /* WebRTC_MediaMTXApp.swift in Sources */ = {isa = PBXBuildFile; fileRef = 6DA189A32CCEA30B00BEA946 /* WebRTC_MediaMTXApp.swift */; };
		6DA189A62CCEA30B00BEA946 /* ContentView.swift in Sources */ = {isa = PBXBuildFile; fileRef = 6DA189A52CCEA30B00BEA946 /* ContentView.swift */; };
		6DA189A82CCEA30E00BEA946 /* Assets.xcassets in Resources */ = {isa = PBXBuildFile; fileRef = 6DA189A72CCEA30E00BEA946 /* Assets.xcassets */; };
		6DA189AB2CCEA30E00BEA946 /* Preview Assets.xcassets in Resources */ = {isa = PBXBuildFile; fileRef = 6DA189AA2CCEA30E00BEA946 /* Preview Assets.xcassets */; };
		6DA189B72CCEA32500BEA946 /* WebRTCPublishService.swift in Sources */ = {isa = PBXBuildFile; fileRef = 6DA189B12CCEA32400BEA946 /* WebRTCPublishService.swift */; };
		6DA189B82CCEA32500BEA946 /* WebRTCReceiveService.swift in Sources */ = {isa = PBXBuildFile; fileRef = 6DA189B22CCEA32400BEA946 /* WebRTCReceiveService.swift */; };
		6DA189B92CCEA32500BEA946 /* RTCStates.swift in Sources */ = {isa = PBXBuildFile; fileRef = 6DA189B32CCEA32500BEA946 /* RTCStates.swift */; };
		6DA189BA2CCEA32500BEA946 /* Config.swift in Sources */ = {isa = PBXBuildFile; fileRef = 6DA189B42CCEA32500BEA946 /* Config.swift */; };
		6DA189BB2CCEA32500BEA946 /* WebRTCClient.swift in Sources */ = {isa = PBXBuildFile; fileRef = 6DA189B52CCEA32500BEA946 /* WebRTCClient.swift */; };
		6DA189BC2CCEA32500BEA946 /* WebRTCView.swift in Sources */ = {isa = PBXBuildFile; fileRef = 6DA189B62CCEA32500BEA946 /* WebRTCView.swift */; };
		6DA189BF2CCEA33100BEA946 /* WebRTC in Frameworks */ = {isa = PBXBuildFile; productRef = 6DA189BE2CCEA33100BEA946 /* WebRTC */; };
/* End PBXBuildFile section */

/* Begin PBXFileReference section */
		6DA189A02CCEA30B00BEA946 /* WebRTC-MediaMTX.app */ = {isa = PBXFileReference; explicitFileType = wrapper.application; includeInIndex = 0; path = "WebRTC-MediaMTX.app"; sourceTree = BUILT_PRODUCTS_DIR; };
		6DA189A32CCEA30B00BEA946 /* WebRTC_MediaMTXApp.swift */ = {isa = PBXFileReference; lastKnownFileType = sourcecode.swift; path = WebRTC_MediaMTXApp.swift; sourceTree = "<group>"; };
		6DA189A52CCEA30B00BEA946 /* ContentView.swift */ = {isa = PBXFileReference; lastKnownFileType = sourcecode.swift; path = ContentView.swift; sourceTree = "<group>"; };
		6DA189A72CCEA30E00BEA946 /* Assets.xcassets */ = {isa = PBXFileReference; lastKnownFileType = folder.assetcatalog; path = Assets.xcassets; sourceTree = "<group>"; };
		6DA189AA2CCEA30E00BEA946 /* Preview Assets.xcassets */ = {isa = PBXFileReference; lastKnownFileType = folder.assetcatalog; path = "Preview Assets.xcassets"; sourceTree = "<group>"; };
		6DA189B12CCEA32400BEA946 /* WebRTCPublishService.swift */ = {isa = PBXFileReference; fileEncoding = 4; lastKnownFileType = sourcecode.swift; path = WebRTCPublishService.swift; sourceTree = "<group>"; };
		6DA189B22CCEA32400BEA946 /* WebRTCReceiveService.swift */ = {isa = PBXFileReference; fileEncoding = 4; lastKnownFileType = sourcecode.swift; path = WebRTCReceiveService.swift; sourceTree = "<group>"; };
		6DA189B32CCEA32500BEA946 /* RTCStates.swift */ = {isa = PBXFileReference; fileEncoding = 4; lastKnownFileType = sourcecode.swift; path = RTCStates.swift; sourceTree = "<group>"; };
		6DA189B42CCEA32500BEA946 /* Config.swift */ = {isa = PBXFileReference; fileEncoding = 4; lastKnownFileType = sourcecode.swift; path = Config.swift; sourceTree = "<group>"; };
		6DA189B52CCEA32500BEA946 /* WebRTCClient.swift */ = {isa = PBXFileReference; fileEncoding = 4; lastKnownFileType = sourcecode.swift; path = WebRTCClient.swift; sourceTree = "<group>"; };
		6DA189B62CCEA32500BEA946 /* WebRTCView.swift */ = {isa = PBXFileReference; fileEncoding = 4; lastKnownFileType = sourcecode.swift; path = WebRTCView.swift; sourceTree = "<group>"; };
/* End PBXFileReference section */

/* Begin PBXFrameworksBuildPhase section */
		6DA1899D2CCEA30B00BEA946 /* Frameworks */ = {
			isa = PBXFrameworksBuildPhase;
			buildActionMask = 2147483647;
			files = (
				6DA189BF2CCEA33100BEA946 /* WebRTC in Frameworks */,
			);
			runOnlyForDeploymentPostprocessing = 0;
		};
/* End PBXFrameworksBuildPhase section */

/* Begin PBXGroup section */
		6DA189972CCEA30B00BEA946 = {
			isa = PBXGroup;
			children = (
				6DA189A22CCEA30B00BEA946 /* WebRTC-MediaMTX */,
				6DA189A12CCEA30B00BEA946 /* Products */,
			);
			sourceTree = "<group>";
		};
		6DA189A12CCEA30B00BEA946 /* Products */ = {
			isa = PBXGroup;
			children = (
				6DA189A02CCEA30B00BEA946 /* WebRTC-MediaMTX.app */,
			);
			name = Products;
			sourceTree = "<group>";
		};
		6DA189A22CCEA30B00BEA946 /* WebRTC-MediaMTX */ = {
			isa = PBXGroup;
			children = (
				6DA189B42CCEA32500BEA946 /* Config.swift */,
				6DA189B32CCEA32500BEA946 /* RTCStates.swift */,
				6DA189B52CCEA32500BEA946 /* WebRTCClient.swift */,
				6DA189B12CCEA32400BEA946 /* WebRTCPublishService.swift */,
				6DA189B22CCEA32400BEA946 /* WebRTCReceiveService.swift */,
				6DA189B62CCEA32500BEA946 /* WebRTCView.swift */,
				6DA189A32CCEA30B00BEA946 /* WebRTC_MediaMTXApp.swift */,
				6DA189A52CCEA30B00BEA946 /* ContentView.swift */,
				6DA189A72CCEA30E00BEA946 /* Assets.xcassets */,
				6DA189A92CCEA30E00BEA946 /* Preview Content */,
			);
			path = "WebRTC-MediaMTX";
			sourceTree = "<group>";
		};
		6DA189A92CCEA30E00BEA946 /* Preview Content */ = {
			isa = PBXGroup;
			children = (
				6DA189AA2CCEA30E00BEA946 /* Preview Assets.xcassets */,
			);
			path = "Preview Content";
			sourceTree = "<group>";
		};
/* End PBXGroup section */

/* Begin PBXNativeTarget section */
		6DA1899F2CCEA30B00BEA946 /* WebRTC-MediaMTX */ = {
			isa = PBXNativeTarget;
			buildConfigurationList = 6DA189AE2CCEA30E00BEA946 /* Build configuration list for PBXNativeTarget "WebRTC-MediaMTX" */;
			buildPhases = (
				6DA1899C2CCEA30B00BEA946 /* Sources */,
				6DA1899D2CCEA30B00BEA946 /* Frameworks */,
				6DA1899E2CCEA30B00BEA946 /* Resources */,
			);
			buildRules = (
			);
			dependencies = (
			);
			name = "WebRTC-MediaMTX";
			packageProductDependencies = (
				6DA189BE2CCEA33100BEA946 /* WebRTC */,
			);
			productName = "WebRTC-MediaMTX";
			productReference = 6DA189A02CCEA30B00BEA946 /* WebRTC-MediaMTX.app */;
			productType = "com.apple.product-type.application";
		};
/* End PBXNativeTarget section */

/* Begin PBXProject section */
		6DA189982CCEA30B00BEA946 /* Project object */ = {
			isa = PBXProject;
			attributes = {
				BuildIndependentTargetsInParallel = 1;
				LastSwiftUpdateCheck = 1320;
				LastUpgradeCheck = 1320;
				TargetAttributes = {
					6DA1899F2CCEA30B00BEA946 = {
						CreatedOnToolsVersion = 13.2.1;
					};
				};
			};
			buildConfigurationList = 6DA1899B2CCEA30B00BEA946 /* Build configuration list for PBXProject "WebRTC-MediaMTX" */;
			compatibilityVersion = "Xcode 13.0";
			developmentRegion = en;
			hasScannedForEncodings = 0;
			knownRegions = (
				en,
				Base,
			);
			mainGroup = 6DA189972CCEA30B00BEA946;
			packageReferences = (
				6DA189BD2CCEA33100BEA946 /* XCRemoteSwiftPackageReference "WebRTC" */,
			);
			productRefGroup = 6DA189A12CCEA30B00BEA946 /* Products */;
			projectDirPath = "";
			projectRoot = "";
			targets = (
				6DA1899F2CCEA30B00BEA946 /* WebRTC-MediaMTX */,
			);
		};
/* End PBXProject section */

/* Begin PBXResourcesBuildPhase section */
		6DA1899E2CCEA30B00BEA946 /* Resources */ = {
			isa = PBXResourcesBuildPhase;
			buildActionMask = 2147483647;
			files = (
				6DA189AB2CCEA30E00BEA946 /* Preview Assets.xcassets in Resources */,
				6DA189A82CCEA30E00BEA946 /* Assets.xcassets in Resources */,
			);
			runOnlyForDeploymentPostprocessing = 0;
		};
/* End PBXResourcesBuildPhase section */

/* Begin PBXSourcesBuildPhase section */
		6DA1899C2CCEA30B00BEA946 /* Sources */ = {
			isa = PBXSourcesBuildPhase;
			buildActionMask = 2147483647;
			files = (
				6DA189B82CCEA32500BEA946 /* WebRTCReceiveService.swift in Sources */,
				6DA189B72CCEA32500BEA946 /* WebRTCPublishService.swift in Sources */,
				6DA189B92CCEA32500BEA946 /* RTCStates.swift in Sources */,
				6DA189A62CCEA30B00BEA946 /* ContentView.swift in Sources */,
				6DA189A42CCEA30B00BEA946 /* WebRTC_MediaMTXApp.swift in Sources */,
				6DA189BC2CCEA32500BEA946 /* WebRTCView.swift in Sources */,
				6DA189BA2CCEA32500BEA946 /* Config.swift in Sources */,
				6DA189BB2CCEA32500BEA946 /* WebRTCClient.swift in Sources */,
			);
			runOnlyForDeploymentPostprocessing = 0;
		};
/* End PBXSourcesBuildPhase section */

/* Begin XCBuildConfiguration section */
		6DA189AC2CCEA30E00BEA946 /* Debug */ = {
			isa = XCBuildConfiguration;
			buildSettings = {
				ALWAYS_SEARCH_USER_PATHS = NO;
				CLANG_ANALYZER_NONNULL = YES;
				CLANG_ANALYZER_NUMBER_OBJECT_CONVERSION = YES_AGGRESSIVE;
				CLANG_CXX_LANGUAGE_STANDARD = "gnu++17";
				CLANG_CXX_LIBRARY = "libc++";
				CLANG_ENABLE_MODULES = YES;
				CLANG_ENABLE_OBJC_ARC = YES;
				CLANG_ENABLE_OBJC_WEAK = YES;
				CLANG_WARN_BLOCK_CAPTURE_AUTORELEASING = YES;
				CLANG_WARN_BOOL_CONVERSION = YES;
				CLANG_WARN_COMMA = YES;
				CLANG_WARN_CONSTANT_CONVERSION = YES;
				CLANG_WARN_DEPRECATED_OBJC_IMPLEMENTATIONS = YES;
				CLANG_WARN_DIRECT_OBJC_ISA_USAGE = YES_ERROR;
				CLANG_WARN_DOCUMENTATION_COMMENTS = YES;
				CLANG_WARN_EMPTY_BODY = YES;
				CLANG_WARN_ENUM_CONVERSION = YES;
				CLANG_WARN_INFINITE_RECURSION = YES;
				CLANG_WARN_INT_CONVERSION = YES;
				CLANG_WARN_NON_LITERAL_NULL_CONVERSION = YES;
				CLANG_WARN_OBJC_IMPLICIT_RETAIN_SELF = YES;
				CLANG_WARN_OBJC_LITERAL_CONVERSION = YES;
				CLANG_WARN_OBJC_ROOT_CLASS = YES_ERROR;
				CLANG_WARN_QUOTED_INCLUDE_IN_FRAMEWORK_HEADER = YES;
				CLANG_WARN_RANGE_LOOP_ANALYSIS = YES;
				CLANG_WARN_STRICT_PROTOTYPES = YES;
				CLANG_WARN_SUSPICIOUS_MOVE = YES;
				CLANG_WARN_UNGUARDED_AVAILABILITY = YES_AGGRESSIVE;
				CLANG_WARN_UNREACHABLE_CODE = YES;
				CLANG_WARN__DUPLICATE_METHOD_MATCH = YES;
				COPY_PHASE_STRIP = NO;
				DEBUG_INFORMATION_FORMAT = dwarf;
				ENABLE_STRICT_OBJC_MSGSEND = YES;
				ENABLE_TESTABILITY = YES;
				GCC_C_LANGUAGE_STANDARD = gnu11;
				GCC_DYNAMIC_NO_PIC = NO;
				GCC_NO_COMMON_BLOCKS = YES;
				GCC_OPTIMIZATION_LEVEL = 0;
				GCC_PREPROCESSOR_DEFINITIONS = (
					"DEBUG=1",
					"$(inherited)",
				);
				GCC_WARN_64_TO_32_BIT_CONVERSION = YES;
				GCC_WARN_ABOUT_RETURN_TYPE = YES_ERROR;
				GCC_WARN_UNDECLARED_SELECTOR = YES;
				GCC_WARN_UNINITIALIZED_AUTOS = YES_AGGRESSIVE;
				GCC_WARN_UNUSED_FUNCTION = YES;
				GCC_WARN_UNUSED_VARIABLE = YES;
				IPHONEOS_DEPLOYMENT_TARGET = 15.2;
				MTL_ENABLE_DEBUG_INFO = INCLUDE_SOURCE;
				MTL_FAST_MATH = YES;
				ONLY_ACTIVE_ARCH = YES;
				SDKROOT = iphoneos;
				SWIFT_ACTIVE_COMPILATION_CONDITIONS = DEBUG;
				SWIFT_OPTIMIZATION_LEVEL = "-Onone";
			};
			name = Debug;
		};
		6DA189AD2CCEA30E00BEA946 /* Release */ = {
			isa = XCBuildConfiguration;
			buildSettings = {
				ALWAYS_SEARCH_USER_PATHS = NO;
				CLANG_ANALYZER_NONNULL = YES;
				CLANG_ANALYZER_NUMBER_OBJECT_CONVERSION = YES_AGGRESSIVE;
				CLANG_CXX_LANGUAGE_STANDARD = "gnu++17";
				CLANG_CXX_LIBRARY = "libc++";
				CLANG_ENABLE_MODULES = YES;
				CLANG_ENABLE_OBJC_ARC = YES;
				CLANG_ENABLE_OBJC_WEAK = YES;
				CLANG_WARN_BLOCK_CAPTURE_AUTORELEASING = YES;
				CLANG_WARN_BOOL_CONVERSION = YES;
				CLANG_WARN_COMMA = YES;
				CLANG_WARN_CONSTANT_CONVERSION = YES;
				CLANG_WARN_DEPRECATED_OBJC_IMPLEMENTATIONS = YES;
				CLANG_WARN_DIRECT_OBJC_ISA_USAGE = YES_ERROR;
				CLANG_WARN_DOCUMENTATION_COMMENTS = YES;
				CLANG_WARN_EMPTY_BODY = YES;
				CLANG_WARN_ENUM_CONVERSION = YES;
				CLANG_WARN_INFINITE_RECURSION = YES;
				CLANG_WARN_INT_CONVERSION = YES;
				CLANG_WARN_NON_LITERAL_NULL_CONVERSION = YES;
				CLANG_WARN_OBJC_IMPLICIT_RETAIN_SELF = YES;
				CLANG_WARN_OBJC_LITERAL_CONVERSION = YES;
				CLANG_WARN_OBJC_ROOT_CLASS = YES_ERROR;
				CLANG_WARN_QUOTED_INCLUDE_IN_FRAMEWORK_HEADER = YES;
				CLANG_WARN_RANGE_LOOP_ANALYSIS = YES;
				CLANG_WARN_STRICT_PROTOTYPES = YES;
				CLANG_WARN_SUSPICIOUS_MOVE = YES;
				CLANG_WARN_UNGUARDED_AVAILABILITY = YES_AGGRESSIVE;
				CLANG_WARN_UNREACHABLE_CODE = YES;
				CLANG_WARN__DUPLICATE_METHOD_MATCH = YES;
				COPY_PHASE_STRIP = NO;
				DEBUG_INFORMATION_FORMAT = "dwarf-with-dsym";
				ENABLE_NS_ASSERTIONS = NO;
				ENABLE_STRICT_OBJC_MSGSEND = YES;
				GCC_C_LANGUAGE_STANDARD = gnu11;
				GCC_NO_COMMON_BLOCKS = YES;
				GCC_WARN_64_TO_32_BIT_CONVERSION = YES;
				GCC_WARN_ABOUT_RETURN_TYPE = YES_ERROR;
				GCC_WARN_UNDECLARED_SELECTOR = YES;
				GCC_WARN_UNINITIALIZED_AUTOS = YES_AGGRESSIVE;
				GCC_WARN_UNUSED_FUNCTION = YES;
				GCC_WARN_UNUSED_VARIABLE = YES;
				IPHONEOS_DEPLOYMENT_TARGET = 15.2;
				MTL_ENABLE_DEBUG_INFO = NO;
				MTL_FAST_MATH = YES;
				SDKROOT = iphoneos;
				SWIFT_COMPILATION_MODE = wholemodule;
				SWIFT_OPTIMIZATION_LEVEL = "-O";
				VALIDATE_PRODUCT = YES;
			};
			name = Release;
		};
		6DA189AF2CCEA30E00BEA946 /* Debug */ = {
			isa = XCBuildConfiguration;
			buildSettings = {
				ASSETCATALOG_COMPILER_APPICON_NAME = AppIcon;
				ASSETCATALOG_COMPILER_GLOBAL_ACCENT_COLOR_NAME = AccentColor;
				CODE_SIGN_STYLE = Automatic;
				CURRENT_PROJECT_VERSION = 1;
				DEVELOPMENT_ASSET_PATHS = "\"WebRTC-MediaMTX/Preview Content\"";
				DEVELOPMENT_TEAM = LAXCDX8PKZ;
				ENABLE_PREVIEWS = YES;
				GENERATE_INFOPLIST_FILE = YES;
				INFOPLIST_KEY_UIApplicationSceneManifest_Generation = YES;
				INFOPLIST_KEY_UIApplicationSupportsIndirectInputEvents = YES;
				INFOPLIST_KEY_UILaunchScreen_Generation = YES;
				INFOPLIST_KEY_UISupportedInterfaceOrientations_iPad = "UIInterfaceOrientationPortrait UIInterfaceOrientationPortraitUpsideDown UIInterfaceOrientationLandscapeLeft UIInterfaceOrientationLandscapeRight";
				INFOPLIST_KEY_UISupportedInterfaceOrientations_iPhone = "UIInterfaceOrientationPortrait UIInterfaceOrientationLandscapeLeft UIInterfaceOrientationLandscapeRight";
				LD_RUNPATH_SEARCH_PATHS = (
					"$(inherited)",
					"@executable_path/Frameworks",
				);
				MARKETING_VERSION = 1.0;
				PRODUCT_BUNDLE_IDENTIFIER = "Sven-Bjarne.WebRTC-MediaMTX";
				PRODUCT_NAME = "$(TARGET_NAME)";
				SWIFT_EMIT_LOC_STRINGS = YES;
				SWIFT_VERSION = 5.0;
				TARGETED_DEVICE_FAMILY = "1,2";
			};
			name = Debug;
		};
		6DA189B02CCEA30E00BEA946 /* Release */ = {
			isa = XCBuildConfiguration;
			buildSettings = {
				ASSETCATALOG_COMPILER_APPICON_NAME = AppIcon;
				ASSETCATALOG_COMPILER_GLOBAL_ACCENT_COLOR_NAME = AccentColor;
				CODE_SIGN_STYLE = Automatic;
				CURRENT_PROJECT_VERSION = 1;
				DEVELOPMENT_ASSET_PATHS = "\"WebRTC-MediaMTX/Preview Content\"";
				DEVELOPMENT_TEAM = LAXCDX8PKZ;
				ENABLE_PREVIEWS = YES;
				GENERATE_INFOPLIST_FILE = YES;
				INFOPLIST_KEY_UIApplicationSceneManifest_Generation = YES;
				INFOPLIST_KEY_UIApplicationSupportsIndirectInputEvents = YES;
				INFOPLIST_KEY_UILaunchScreen_Generation = YES;
				INFOPLIST_KEY_UISupportedInterfaceOrientations_iPad = "UIInterfaceOrientationPortrait UIInterfaceOrientationPortraitUpsideDown UIInterfaceOrientationLandscapeLeft UIInterfaceOrientationLandscapeRight";
				INFOPLIST_KEY_UISupportedInterfaceOrientations_iPhone = "UIInterfaceOrientationPortrait UIInterfaceOrientationLandscapeLeft UIInterfaceOrientationLandscapeRight";
				LD_RUNPATH_SEARCH_PATHS = (
					"$(inherited)",
					"@executable_path/Frameworks",
				);
				MARKETING_VERSION = 1.0;
				PRODUCT_BUNDLE_IDENTIFIER = "Sven-Bjarne.WebRTC-MediaMTX";
				PRODUCT_NAME = "$(TARGET_NAME)";
				SWIFT_EMIT_LOC_STRINGS = YES;
				SWIFT_VERSION = 5.0;
				TARGETED_DEVICE_FAMILY = "1,2";
			};
			name = Release;
		};
/* End XCBuildConfiguration section */

/* Begin XCConfigurationList section */
		6DA1899B2CCEA30B00BEA946 /* Build configuration list for PBXProject "WebRTC-MediaMTX" */ = {
			isa = XCConfigurationList;
			buildConfigurations = (
				6DA189AC2CCEA30E00BEA946 /* Debug */,
				6DA189AD2CCEA30E00BEA946 /* Release */,
			);
			defaultConfigurationIsVisible = 0;
			defaultConfigurationName = Release;
		};
		6DA189AE2CCEA30E00BEA946 /* Build configuration list for PBXNativeTarget "WebRTC-MediaMTX" */ = {
			isa = XCConfigurationList;
			buildConfigurations = (
				6DA189AF2CCEA30E00BEA946 /* Debug */,
				6DA189B02CCEA30E00BEA946 /* Release */,
			);
			defaultConfigurationIsVisible = 0;
			defaultConfigurationName = Release;
		};
/* End XCConfigurationList section */

/* Begin XCRemoteSwiftPackageReference section */
		6DA189BD2CCEA33100BEA946 /* XCRemoteSwiftPackageReference "WebRTC" */ = {
			isa = XCRemoteSwiftPackageReference;
			repositoryURL = "https://github.com/stasel/WebRTC";
			requirement = {
				branch = latest;
				kind = branch;
			};
		};
/* End XCRemoteSwiftPackageReference section */

/* Begin XCSwiftPackageProductDependency section */
		6DA189BE2CCEA33100BEA946 /* WebRTC */ = {
			isa = XCSwiftPackageProductDependency;
			package = 6DA189BD2CCEA33100BEA946 /* XCRemoteSwiftPackageReference "WebRTC" */;
			productName = WebRTC;
		};
/* End XCSwiftPackageProductDependency section */
	};
	rootObject = 6DA189982CCEA30B00BEA946 /* Project object */;
}
